// !$*UTF8*$!
{
	archiveVersion = 1;
	classes = {
	};
	objectVersion = 52;
	objects = {

/* Begin PBXBuildFile section */
		6DE875BF256E71A4007E4B2A /* TypographizerDemoApp.swift in Sources */ = {isa = PBXBuildFile; fileRef = 6DE875BE256E71A4007E4B2A /* TypographizerDemoApp.swift */; };
		6DE875C1256E71A4007E4B2A /* ContentView.swift in Sources */ = {isa = PBXBuildFile; fileRef = 6DE875C0256E71A4007E4B2A /* ContentView.swift */; };
		6DE875C3256E71A7007E4B2A /* Assets.xcassets in Resources */ = {isa = PBXBuildFile; fileRef = 6DE875C2256E71A7007E4B2A /* Assets.xcassets */; };
		6DE875C6256E71A7007E4B2A /* Preview Assets.xcassets in Resources */ = {isa = PBXBuildFile; fileRef = 6DE875C5256E71A7007E4B2A /* Preview Assets.xcassets */; };
		6DE875D0256E71FF007E4B2A /* Typographizer in Frameworks */ = {isa = PBXBuildFile; productRef = 6DE875CF256E71FF007E4B2A /* Typographizer */; };
/* End PBXBuildFile section */

/* Begin PBXFileReference section */
		6DE875BB256E71A4007E4B2A /* TypographizerDemo.app */ = {isa = PBXFileReference; explicitFileType = wrapper.application; includeInIndex = 0; path = TypographizerDemo.app; sourceTree = BUILT_PRODUCTS_DIR; };
		6DE875BE256E71A4007E4B2A /* TypographizerDemoApp.swift */ = {isa = PBXFileReference; lastKnownFileType = sourcecode.swift; path = TypographizerDemoApp.swift; sourceTree = "<group>"; };
		6DE875C0256E71A4007E4B2A /* ContentView.swift */ = {isa = PBXFileReference; lastKnownFileType = sourcecode.swift; path = ContentView.swift; sourceTree = "<group>"; };
		6DE875C2256E71A7007E4B2A /* Assets.xcassets */ = {isa = PBXFileReference; lastKnownFileType = folder.assetcatalog; path = Assets.xcassets; sourceTree = "<group>"; };
		6DE875C5256E71A7007E4B2A /* Preview Assets.xcassets */ = {isa = PBXFileReference; lastKnownFileType = folder.assetcatalog; path = "Preview Assets.xcassets"; sourceTree = "<group>"; };
		6DE875C7256E71A7007E4B2A /* Info.plist */ = {isa = PBXFileReference; lastKnownFileType = text.plist.xml; path = Info.plist; sourceTree = "<group>"; };
/* End PBXFileReference section */

/* Begin PBXFrameworksBuildPhase section */
		6DE875B8256E71A4007E4B2A /* Frameworks */ = {
			isa = PBXFrameworksBuildPhase;
			buildActionMask = 2147483647;
			files = (
				6DE875D0256E71FF007E4B2A /* Typographizer in Frameworks */,
			);
			runOnlyForDeploymentPostprocessing = 0;
		};
/* End PBXFrameworksBuildPhase section */

/* Begin PBXGroup section */
		6DE875B2256E71A4007E4B2A = {
			isa = PBXGroup;
			children = (
				6DE875BD256E71A4007E4B2A /* TypographizerDemo */,
				6DE875BC256E71A4007E4B2A /* Products */,
			);
			sourceTree = "<group>";
		};
		6DE875BC256E71A4007E4B2A /* Products */ = {
			isa = PBXGroup;
			children = (
				6DE875BB256E71A4007E4B2A /* TypographizerDemo.app */,
			);
			name = Products;
			sourceTree = "<group>";
		};
		6DE875BD256E71A4007E4B2A /* TypographizerDemo */ = {
			isa = PBXGroup;
			children = (
				6DE875BE256E71A4007E4B2A /* TypographizerDemoApp.swift */,
				6DE875C0256E71A4007E4B2A /* ContentView.swift */,
				6DE875C2256E71A7007E4B2A /* Assets.xcassets */,
				6DE875C7256E71A7007E4B2A /* Info.plist */,
				6DE875C4256E71A7007E4B2A /* Preview Content */,
			);
			path = TypographizerDemo;
			sourceTree = "<group>";
		};
		6DE875C4256E71A7007E4B2A /* Preview Content */ = {
			isa = PBXGroup;
			children = (
				6DE875C5256E71A7007E4B2A /* Preview Assets.xcassets */,
			);
			path = "Preview Content";
			sourceTree = "<group>";
		};
/* End PBXGroup section */

/* Begin PBXNativeTarget section */
		6DE875BA256E71A4007E4B2A /* TypographizerDemo */ = {
			isa = PBXNativeTarget;
			buildConfigurationList = 6DE875CA256E71A7007E4B2A /* Build configuration list for PBXNativeTarget "TypographizerDemo" */;
			buildPhases = (
				6DE875B7256E71A4007E4B2A /* Sources */,
				6DE875B8256E71A4007E4B2A /* Frameworks */,
				6DE875B9256E71A4007E4B2A /* Resources */,
			);
			buildRules = (
			);
			dependencies = (
			);
			name = TypographizerDemo;
			packageProductDependencies = (
				6DE875CF256E71FF007E4B2A /* Typographizer */,
			);
			productName = TypographizerDemo;
			productReference = 6DE875BB256E71A4007E4B2A /* TypographizerDemo.app */;
			productType = "com.apple.product-type.application";
		};
/* End PBXNativeTarget section */

/* Begin PBXProject section */
		6DE875B3256E71A4007E4B2A /* Project object */ = {
			isa = PBXProject;
			attributes = {
				LastSwiftUpdateCheck = 1220;
				LastUpgradeCheck = 1220;
				TargetAttributes = {
					6DE875BA256E71A4007E4B2A = {
						CreatedOnToolsVersion = 12.2;
					};
				};
			};
			buildConfigurationList = 6DE875B6256E71A4007E4B2A /* Build configuration list for PBXProject "TypographizerDemo" */;
			compatibilityVersion = "Xcode 9.3";
			developmentRegion = en;
			hasScannedForEncodings = 0;
			knownRegions = (
				en,
				Base,
			);
			mainGroup = 6DE875B2256E71A4007E4B2A;
			packageReferences = (
				6DE875CE256E71FF007E4B2A /* XCRemoteSwiftPackageReference "Typographizer" */,
			);
			productRefGroup = 6DE875BC256E71A4007E4B2A /* Products */;
			projectDirPath = "";
			projectRoot = "";
			targets = (
				6DE875BA256E71A4007E4B2A /* TypographizerDemo */,
			);
		};
/* End PBXProject section */

/* Begin PBXResourcesBuildPhase section */
		6DE875B9256E71A4007E4B2A /* Resources */ = {
			isa = PBXResourcesBuildPhase;
			buildActionMask = 2147483647;
			files = (
				6DE875C6256E71A7007E4B2A /* Preview Assets.xcassets in Resources */,
				6DE875C3256E71A7007E4B2A /* Assets.xcassets in Resources */,
			);
			runOnlyForDeploymentPostprocessing = 0;
		};
/* End PBXResourcesBuildPhase section */

/* Begin PBXSourcesBuildPhase section */
		6DE875B7256E71A4007E4B2A /* Sources */ = {
			isa = PBXSourcesBuildPhase;
			buildActionMask = 2147483647;
			files = (
				6DE875C1256E71A4007E4B2A /* ContentView.swift in Sources */,
				6DE875BF256E71A4007E4B2A /* TypographizerDemoApp.swift in Sources */,
			);
			runOnlyForDeploymentPostprocessing = 0;
		};
/* End PBXSourcesBuildPhase section */

/* Begin XCBuildConfiguration section */
		6DE875C8256E71A7007E4B2A /* Debug */ = {
			isa = XCBuildConfiguration;
			buildSettings = {
				ALWAYS_SEARCH_USER_PATHS = NO;
				CLANG_ANALYZER_NONNULL = YES;
				CLANG_ANALYZER_NUMBER_OBJECT_CONVERSION = YES_AGGRESSIVE;
				CLANG_CXX_LANGUAGE_STANDARD = "gnu++14";
				CLANG_CXX_LIBRARY = "libc++";
				CLANG_ENABLE_MODULES = YES;
				CLANG_ENABLE_OBJC_ARC = YES;
				CLANG_ENABLE_OBJC_WEAK = YES;
				CLANG_WARN_BLOCK_CAPTURE_AUTORELEASING = YES;
				CLANG_WARN_BOOL_CONVERSION = YES;
				CLANG_WARN_COMMA = YES;
				CLANG_WARN_CONSTANT_CONVERSION = YES;
				CLANG_WARN_DEPRECATED_OBJC_IMPLEMENTATIONS = YES;
				CLANG_WARN_DIRECT_OBJC_ISA_USAGE = YES_ERROR;
				CLANG_WARN_DOCUMENTATION_COMMENTS = YES;
				CLANG_WARN_EMPTY_BODY = YES;
				CLANG_WARN_ENUM_CONVERSION = YES;
				CLANG_WARN_INFINITE_RECURSION = YES;
				CLANG_WARN_INT_CONVERSION = YES;
				CLANG_WARN_NON_LITERAL_NULL_CONVERSION = YES;
				CLANG_WARN_OBJC_IMPLICIT_RETAIN_SELF = YES;
				CLANG_WARN_OBJC_LITERAL_CONVERSION = YES;
				CLANG_WARN_OBJC_ROOT_CLASS = YES_ERROR;
				CLANG_WARN_QUOTED_INCLUDE_IN_FRAMEWORK_HEADER = YES;
				CLANG_WARN_RANGE_LOOP_ANALYSIS = YES;
				CLANG_WARN_STRICT_PROTOTYPES = YES;
				CLANG_WARN_SUSPICIOUS_MOVE = YES;
				CLANG_WARN_UNGUARDED_AVAILABILITY = YES_AGGRESSIVE;
				CLANG_WARN_UNREACHABLE_CODE = YES;
				CLANG_WARN__DUPLICATE_METHOD_MATCH = YES;
				COPY_PHASE_STRIP = NO;
				DEBUG_INFORMATION_FORMAT = dwarf;
				ENABLE_STRICT_OBJC_MSGSEND = YES;
				ENABLE_TESTABILITY = YES;
				GCC_C_LANGUAGE_STANDARD = gnu11;
				GCC_DYNAMIC_NO_PIC = NO;
				GCC_NO_COMMON_BLOCKS = YES;
				GCC_OPTIMIZATION_LEVEL = 0;
				GCC_PREPROCESSOR_DEFINITIONS = (
					"DEBUG=1",
					"$(inherited)",
				);
				GCC_WARN_64_TO_32_BIT_CONVERSION = YES;
				GCC_WARN_ABOUT_RETURN_TYPE = YES_ERROR;
				GCC_WARN_UNDECLARED_SELECTOR = YES;
				GCC_WARN_UNINITIALIZED_AUTOS = YES_AGGRESSIVE;
				GCC_WARN_UNUSED_FUNCTION = YES;
				GCC_WARN_UNUSED_VARIABLE = YES;
				IPHONEOS_DEPLOYMENT_TARGET = 14.2;
				MTL_ENABLE_DEBUG_INFO = INCLUDE_SOURCE;
				MTL_FAST_MATH = YES;
				ONLY_ACTIVE_ARCH = YES;
				SDKROOT = iphoneos;
				SWIFT_ACTIVE_COMPILATION_CONDITIONS = DEBUG;
				SWIFT_OPTIMIZATION_LEVEL = "-Onone";
			};
			name = Debug;
		};
		6DE875C9256E71A7007E4B2A /* Release */ = {
			isa = XCBuildConfiguration;
			buildSettings = {
				ALWAYS_SEARCH_USER_PATHS = NO;
				CLANG_ANALYZER_NONNULL = YES;
				CLANG_ANALYZER_NUMBER_OBJECT_CONVERSION = YES_AGGRESSIVE;
				CLANG_CXX_LANGUAGE_STANDARD = "gnu++14";
				CLANG_CXX_LIBRARY = "libc++";
				CLANG_ENABLE_MODULES = YES;
				CLANG_ENABLE_OBJC_ARC = YES;
				CLANG_ENABLE_OBJC_WEAK = YES;
				CLANG_WARN_BLOCK_CAPTURE_AUTORELEASING = YES;
				CLANG_WARN_BOOL_CONVERSION = YES;
				CLANG_WARN_COMMA = YES;
				CLANG_WARN_CONSTANT_CONVERSION = YES;
				CLANG_WARN_DEPRECATED_OBJC_IMPLEMENTATIONS = YES;
				CLANG_WARN_DIRECT_OBJC_ISA_USAGE = YES_ERROR;
				CLANG_WARN_DOCUMENTATION_COMMENTS = YES;
				CLANG_WARN_EMPTY_BODY = YES;
				CLANG_WARN_ENUM_CONVERSION = YES;
				CLANG_WARN_INFINITE_RECURSION = YES;
				CLANG_WARN_INT_CONVERSION = YES;
				CLANG_WARN_NON_LITERAL_NULL_CONVERSION = YES;
				CLANG_WARN_OBJC_IMPLICIT_RETAIN_SELF = YES;
				CLANG_WARN_OBJC_LITERAL_CONVERSION = YES;
				CLANG_WARN_OBJC_ROOT_CLASS = YES_ERROR;
				CLANG_WARN_QUOTED_INCLUDE_IN_FRAMEWORK_HEADER = YES;
				CLANG_WARN_RANGE_LOOP_ANALYSIS = YES;
				CLANG_WARN_STRICT_PROTOTYPES = YES;
				CLANG_WARN_SUSPICIOUS_MOVE = YES;
				CLANG_WARN_UNGUARDED_AVAILABILITY = YES_AGGRESSIVE;
				CLANG_WARN_UNREACHABLE_CODE = YES;
				CLANG_WARN__DUPLICATE_METHOD_MATCH = YES;
				COPY_PHASE_STRIP = NO;
				DEBUG_INFORMATION_FORMAT = "dwarf-with-dsym";
				ENABLE_NS_ASSERTIONS = NO;
				ENABLE_STRICT_OBJC_MSGSEND = YES;
				GCC_C_LANGUAGE_STANDARD = gnu11;
				GCC_NO_COMMON_BLOCKS = YES;
				GCC_WARN_64_TO_32_BIT_CONVERSION = YES;
				GCC_WARN_ABOUT_RETURN_TYPE = YES_ERROR;
				GCC_WARN_UNDECLARED_SELECTOR = YES;
				GCC_WARN_UNINITIALIZED_AUTOS = YES_AGGRESSIVE;
				GCC_WARN_UNUSED_FUNCTION = YES;
				GCC_WARN_UNUSED_VARIABLE = YES;
				IPHONEOS_DEPLOYMENT_TARGET = 14.2;
				MTL_ENABLE_DEBUG_INFO = NO;
				MTL_FAST_MATH = YES;
				SDKROOT = iphoneos;
				SWIFT_COMPILATION_MODE = wholemodule;
				SWIFT_OPTIMIZATION_LEVEL = "-O";
				VALIDATE_PRODUCT = YES;
			};
			name = Release;
		};
		6DE875CB256E71A7007E4B2A /* Debug */ = {
			isa = XCBuildConfiguration;
			buildSettings = {
				ASSETCATALOG_COMPILER_APPICON_NAME = AppIcon;
				ASSETCATALOG_COMPILER_GLOBAL_ACCENT_COLOR_NAME = AccentColor;
				CODE_SIGN_STYLE = Automatic;
				DEVELOPMENT_ASSET_PATHS = "\"TypographizerDemo/Preview Content\"";
				DEVELOPMENT_TEAM = 276HSJ6V54;
				ENABLE_PREVIEWS = YES;
				INFOPLIST_FILE = TypographizerDemo/Info.plist;
				IPHONEOS_DEPLOYMENT_TARGET = 14.0;
				LD_RUNPATH_SEARCH_PATHS = (
					"$(inherited)",
					"@executable_path/Frameworks",
				);
				PRODUCT_BUNDLE_IDENTIFIER = de.ixeau.TypographizerDemo;
				PRODUCT_NAME = "$(TARGET_NAME)";
				SWIFT_VERSION = 5.0;
				TARGETED_DEVICE_FAMILY = "1,2";
			};
			name = Debug;
		};
		6DE875CC256E71A7007E4B2A /* Release */ = {
			isa = XCBuildConfiguration;
			buildSettings = {
				ASSETCATALOG_COMPILER_APPICON_NAME = AppIcon;
				ASSETCATALOG_COMPILER_GLOBAL_ACCENT_COLOR_NAME = AccentColor;
				CODE_SIGN_STYLE = Automatic;
				DEVELOPMENT_ASSET_PATHS = "\"TypographizerDemo/Preview Content\"";
				DEVELOPMENT_TEAM = 276HSJ6V54;
				ENABLE_PREVIEWS = YES;
				INFOPLIST_FILE = TypographizerDemo/Info.plist;
				IPHONEOS_DEPLOYMENT_TARGET = 14.0;
				LD_RUNPATH_SEARCH_PATHS = (
					"$(inherited)",
					"@executable_path/Frameworks",
				);
				PRODUCT_BUNDLE_IDENTIFIER = de.ixeau.TypographizerDemo;
				PRODUCT_NAME = "$(TARGET_NAME)";
				SWIFT_VERSION = 5.0;
				TARGETED_DEVICE_FAMILY = "1,2";
			};
			name = Release;
		};
/* End XCBuildConfiguration section */

/* Begin XCConfigurationList section */
		6DE875B6256E71A4007E4B2A /* Build configuration list for PBXProject "TypographizerDemo" */ = {
			isa = XCConfigurationList;
			buildConfigurations = (
				6DE875C8256E71A7007E4B2A /* Debug */,
				6DE875C9256E71A7007E4B2A /* Release */,
			);
			defaultConfigurationIsVisible = 0;
			defaultConfigurationName = Release;
		};
		6DE875CA256E71A7007E4B2A /* Build configuration list for PBXNativeTarget "TypographizerDemo" */ = {
			isa = XCConfigurationList;
			buildConfigurations = (
				6DE875CB256E71A7007E4B2A /* Debug */,
				6DE875CC256E71A7007E4B2A /* Release */,
			);
			defaultConfigurationIsVisible = 0;
			defaultConfigurationName = Release;
		};
/* End XCConfigurationList section */

/* Begin XCRemoteSwiftPackageReference section */
		6DE875CE256E71FF007E4B2A /* XCRemoteSwiftPackageReference "Typographizer" */ = {
			isa = XCRemoteSwiftPackageReference;
			repositoryURL = "https://github.com/frankrausch/Typographizer";
			requirement = {
				kind = upToNextMajorVersion;
				minimumVersion = 1.0.2;
			};
		};
/* End XCRemoteSwiftPackageReference section */

/* Begin XCSwiftPackageProductDependency section */
		6DE875CF256E71FF007E4B2A /* Typographizer */ = {
			isa = XCSwiftPackageProductDependency;
			package = 6DE875CE256E71FF007E4B2A /* XCRemoteSwiftPackageReference "Typographizer" */;
			productName = Typographizer;
		};
/* End XCSwiftPackageProductDependency section */
	};
	rootObject = 6DE875B3256E71A4007E4B2A /* Project object */;
}
